
Microsoft Visual Studio Solution File, Format Version 12.00
# Visual Studio 15
VisualStudioVersion = 15.0.28307.645
MinimumVisualStudioVersion = 10.0.40219.1
Project("{FAE04EC0-301F-11D3-BF4B-00C04F79EFBC}") = "lot", "lot\lot.csproj", "{97468675-B857-4475-AC6F-F1999160C754}"
EndProject
Global
	GlobalSection(SolutionConfigurationPlatforms) = preSolution
		Debug|Any CPU = Debug|Any CPU
		Release|Any CPU = Release|Any CPU
	EndGlobalSection
	GlobalSection(ProjectConfigurationPlatforms) = postSolution
		{97468675-B857-4475-AC6F-F1999160C754}.Debug|Any CPU.ActiveCfg = Debug|Any CPU
		{97468675-B857-4475-AC6F-F1999160C754}.Debug|Any CPU.Build.0 = Debug|Any CPU
		{97468675-B857-4475-AC6F-F1999160C754}.Release|Any CPU.ActiveCfg = Release|Any CPU
		{97468675-B857-4475-AC6F-F1999160C754}.Release|Any CPU.Build.0 = Release|Any CPU
	EndGlobalSection
	GlobalSection(SolutionProperties) = preSolution
		HideSolutionNode = FALSE
	EndGlobalSection
	GlobalSection(ExtensibilityGlobals) = postSolution
		SolutionGuid = {96F3C1C0-9E2C-4252-978C-555D2C633249}
	EndGlobalSection
EndGlobal
